// !$*UTF8*$!
{
	archiveVersion = 1;
	classes = {
	};
	objectVersion = 50;
	objects = {

/* Begin PBXBuildFile section */
		11E27F7422555CED0085B26E /* AppDelegate.swift in Sources */ = {isa = PBXBuildFile; fileRef = 11E27F7322555CED0085B26E /* AppDelegate.swift */; };
		11E27F7622555CED0085B26E /* ViewController.swift in Sources */ = {isa = PBXBuildFile; fileRef = 11E27F7522555CED0085B26E /* ViewController.swift */; };
		11E27F7922555CED0085B26E /* Main.storyboard in Resources */ = {isa = PBXBuildFile; fileRef = 11E27F7722555CED0085B26E /* Main.storyboard */; };
		11E27F7B22555CF00085B26E /* Assets.xcassets in Resources */ = {isa = PBXBuildFile; fileRef = 11E27F7A22555CF00085B26E /* Assets.xcassets */; };
		11E27F7E22555CF00085B26E /* LaunchScreen.storyboard in Resources */ = {isa = PBXBuildFile; fileRef = 11E27F7C22555CF00085B26E /* LaunchScreen.storyboard */; };
		11E27F86225560E00085B26E /* JoinController.swift in Sources */ = {isa = PBXBuildFile; fileRef = 11E27F85225560E00085B26E /* JoinController.swift */; };
		11E27F88225561390085B26E /* HostController.swift in Sources */ = {isa = PBXBuildFile; fileRef = 11E27F87225561390085B26E /* HostController.swift */; };
/* End PBXBuildFile section */

/* Begin PBXFileReference section */
		11E27F7022555CED0085B26E /* homePages.app */ = {isa = PBXFileReference; explicitFileType = wrapper.application; includeInIndex = 0; path = homePages.app; sourceTree = BUILT_PRODUCTS_DIR; };
		11E27F7322555CED0085B26E /* AppDelegate.swift */ = {isa = PBXFileReference; lastKnownFileType = sourcecode.swift; path = AppDelegate.swift; sourceTree = "<group>"; };
		11E27F7522555CED0085B26E /* ViewController.swift */ = {isa = PBXFileReference; lastKnownFileType = sourcecode.swift; path = ViewController.swift; sourceTree = "<group>"; };
		11E27F7822555CED0085B26E /* Base */ = {isa = PBXFileReference; lastKnownFileType = file.storyboard; name = Base; path = Base.lproj/Main.storyboard; sourceTree = "<group>"; };
		11E27F7A22555CF00085B26E /* Assets.xcassets */ = {isa = PBXFileReference; lastKnownFileType = folder.assetcatalog; path = Assets.xcassets; sourceTree = "<group>"; };
		11E27F7D22555CF00085B26E /* Base */ = {isa = PBXFileReference; lastKnownFileType = file.storyboard; name = Base; path = Base.lproj/LaunchScreen.storyboard; sourceTree = "<group>"; };
		11E27F7F22555CF00085B26E /* Info.plist */ = {isa = PBXFileReference; lastKnownFileType = text.plist.xml; path = Info.plist; sourceTree = "<group>"; };
		11E27F85225560E00085B26E /* JoinController.swift */ = {isa = PBXFileReference; lastKnownFileType = sourcecode.swift; path = JoinController.swift; sourceTree = "<group>"; };
		11E27F87225561390085B26E /* HostController.swift */ = {isa = PBXFileReference; lastKnownFileType = sourcecode.swift; path = HostController.swift; sourceTree = "<group>"; };
/* End PBXFileReference section */

/* Begin PBXFrameworksBuildPhase section */
		11E27F6D22555CEC0085B26E /* Frameworks */ = {
			isa = PBXFrameworksBuildPhase;
			buildActionMask = 2147483647;
			files = (
			);
			runOnlyForDeploymentPostprocessing = 0;
		};
/* End PBXFrameworksBuildPhase section */

/* Begin PBXGroup section */
		11E27F6722555CEC0085B26E = {
			isa = PBXGroup;
			children = (
				11E27F7222555CED0085B26E /* homePages */,
				11E27F7122555CED0085B26E /* Products */,
			);
			sourceTree = "<group>";
		};
		11E27F7122555CED0085B26E /* Products */ = {
			isa = PBXGroup;
			children = (
				11E27F7022555CED0085B26E /* homePages.app */,
			);
			name = Products;
			sourceTree = "<group>";
		};
		11E27F7222555CED0085B26E /* homePages */ = {
			isa = PBXGroup;
			children = (
				11E27F7322555CED0085B26E /* AppDelegate.swift */,
				11E27F7522555CED0085B26E /* ViewController.swift */,
				11E27F85225560E00085B26E /* JoinController.swift */,
				11E27F87225561390085B26E /* HostController.swift */,
				11E27F7722555CED0085B26E /* Main.storyboard */,
				11E27F7A22555CF00085B26E /* Assets.xcassets */,
				11E27F7C22555CF00085B26E /* LaunchScreen.storyboard */,
				11E27F7F22555CF00085B26E /* Info.plist */,
			);
			path = homePages;
			sourceTree = "<group>";
		};
/* End PBXGroup section */

/* Begin PBXNativeTarget section */
		11E27F6F22555CEC0085B26E /* homePages */ = {
			isa = PBXNativeTarget;
			buildConfigurationList = 11E27F8222555CF00085B26E /* Build configuration list for PBXNativeTarget "homePages" */;
			buildPhases = (
				11E27F6C22555CEC0085B26E /* Sources */,
				11E27F6D22555CEC0085B26E /* Frameworks */,
				11E27F6E22555CEC0085B26E /* Resources */,
			);
			buildRules = (
			);
			dependencies = (
			);
			name = homePages;
			productName = homePages;
			productReference = 11E27F7022555CED0085B26E /* homePages.app */;
			productType = "com.apple.product-type.application";
		};
/* End PBXNativeTarget section */

/* Begin PBXProject section */
		11E27F6822555CEC0085B26E /* Project object */ = {
			isa = PBXProject;
			attributes = {
				LastSwiftUpdateCheck = 1010;
				LastUpgradeCheck = 1010;
				ORGANIZATIONNAME = "April Zhou";
				TargetAttributes = {
					11E27F6F22555CEC0085B26E = {
						CreatedOnToolsVersion = 10.1;
					};
				};
			};
			buildConfigurationList = 11E27F6B22555CEC0085B26E /* Build configuration list for PBXProject "homePages" */;
			compatibilityVersion = "Xcode 9.3";
			developmentRegion = en;
			hasScannedForEncodings = 0;
			knownRegions = (
				en,
				Base,
			);
			mainGroup = 11E27F6722555CEC0085B26E;
			productRefGroup = 11E27F7122555CED0085B26E /* Products */;
			projectDirPath = "";
			projectRoot = "";
			targets = (
				11E27F6F22555CEC0085B26E /* homePages */,
			);
		};
/* End PBXProject section */

/* Begin PBXResourcesBuildPhase section */
		11E27F6E22555CEC0085B26E /* Resources */ = {
			isa = PBXResourcesBuildPhase;
			buildActionMask = 2147483647;
			files = (
				11E27F7E22555CF00085B26E /* LaunchScreen.storyboard in Resources */,
				11E27F7B22555CF00085B26E /* Assets.xcassets in Resources */,
				11E27F7922555CED0085B26E /* Main.storyboard in Resources */,
			);
			runOnlyForDeploymentPostprocessing = 0;
		};
/* End PBXResourcesBuildPhase section */

/* Begin PBXSourcesBuildPhase section */
		11E27F6C22555CEC0085B26E /* Sources */ = {
			isa = PBXSourcesBuildPhase;
			buildActionMask = 2147483647;
			files = (
				11E27F7622555CED0085B26E /* ViewController.swift in Sources */,
				11E27F88225561390085B26E /* HostController.swift in Sources */,
				11E27F86225560E00085B26E /* JoinController.swift in Sources */,
				11E27F7422555CED0085B26E /* AppDelegate.swift in Sources */,
			);
			runOnlyForDeploymentPostprocessing = 0;
		};
/* End PBXSourcesBuildPhase section */

/* Begin PBXVariantGroup section */
		11E27F7722555CED0085B26E /* Main.storyboard */ = {
			isa = PBXVariantGroup;
			children = (
				11E27F7822555CED0085B26E /* Base */,
			);
			name = Main.storyboard;
			sourceTree = "<group>";
		};
		11E27F7C22555CF00085B26E /* LaunchScreen.storyboard */ = {
			isa = PBXVariantGroup;
			children = (
				11E27F7D22555CF00085B26E /* Base */,
			);
			name = LaunchScreen.storyboard;
			sourceTree = "<group>";
		};
/* End PBXVariantGroup section */

/* Begin XCBuildConfiguration section */
		11E27F8022555CF00085B26E /* Debug */ = {
			isa = XCBuildConfiguration;
			buildSettings = {
				ALWAYS_SEARCH_USER_PATHS = NO;
				CLANG_ANALYZER_NONNULL = YES;
				CLANG_ANALYZER_NUMBER_OBJECT_CONVERSION = YES_AGGRESSIVE;
				CLANG_CXX_LANGUAGE_STANDARD = "gnu++14";
				CLANG_CXX_LIBRARY = "libc++";
				CLANG_ENABLE_MODULES = YES;
				CLANG_ENABLE_OBJC_ARC = YES;
				CLANG_ENABLE_OBJC_WEAK = YES;
				CLANG_WARN_BLOCK_CAPTURE_AUTORELEASING = YES;
				CLANG_WARN_BOOL_CONVERSION = YES;
				CLANG_WARN_COMMA = YES;
				CLANG_WARN_CONSTANT_CONVERSION = YES;
				CLANG_WARN_DEPRECATED_OBJC_IMPLEMENTATIONS = YES;
				CLANG_WARN_DIRECT_OBJC_ISA_USAGE = YES_ERROR;
				CLANG_WARN_DOCUMENTATION_COMMENTS = YES;
				CLANG_WARN_EMPTY_BODY = YES;
				CLANG_WARN_ENUM_CONVERSION = YES;
				CLANG_WARN_INFINITE_RECURSION = YES;
				CLANG_WARN_INT_CONVERSION = YES;
				CLANG_WARN_NON_LITERAL_NULL_CONVERSION = YES;
				CLANG_WARN_OBJC_IMPLICIT_RETAIN_SELF = YES;
				CLANG_WARN_OBJC_LITERAL_CONVERSION = YES;
				CLANG_WARN_OBJC_ROOT_CLASS = YES_ERROR;
				CLANG_WARN_RANGE_LOOP_ANALYSIS = YES;
				CLANG_WARN_STRICT_PROTOTYPES = YES;
				CLANG_WARN_SUSPICIOUS_MOVE = YES;
				CLANG_WARN_UNGUARDED_AVAILABILITY = YES_AGGRESSIVE;
				CLANG_WARN_UNREACHABLE_CODE = YES;
				CLANG_WARN__DUPLICATE_METHOD_MATCH = YES;
				CODE_SIGN_IDENTITY = "iPhone Developer";
				COPY_PHASE_STRIP = NO;
				DEBUG_INFORMATION_FORMAT = dwarf;
				ENABLE_STRICT_OBJC_MSGSEND = YES;
				ENABLE_TESTABILITY = YES;
				GCC_C_LANGUAGE_STANDARD = gnu11;
				GCC_DYNAMIC_NO_PIC = NO;
				GCC_NO_COMMON_BLOCKS = YES;
				GCC_OPTIMIZATION_LEVEL = 0;
				GCC_PREPROCESSOR_DEFINITIONS = (
					"DEBUG=1",
					"$(inherited)",
				);
				GCC_WARN_64_TO_32_BIT_CONVERSION = YES;
				GCC_WARN_ABOUT_RETURN_TYPE = YES_ERROR;
				GCC_WARN_UNDECLARED_SELECTOR = YES;
				GCC_WARN_UNINITIALIZED_AUTOS = YES_AGGRESSIVE;
				GCC_WARN_UNUSED_FUNCTION = YES;
				GCC_WARN_UNUSED_VARIABLE = YES;
				IPHONEOS_DEPLOYMENT_TARGET = 12.1;
				MTL_ENABLE_DEBUG_INFO = INCLUDE_SOURCE;
				MTL_FAST_MATH = YES;
				ONLY_ACTIVE_ARCH = YES;
				SDKROOT = iphoneos;
				SWIFT_ACTIVE_COMPILATION_CONDITIONS = DEBUG;
				SWIFT_OPTIMIZATION_LEVEL = "-Onone";
			};
			name = Debug;
		};
		11E27F8122555CF00085B26E /* Release */ = {
			isa = XCBuildConfiguration;
			buildSettings = {
				ALWAYS_SEARCH_USER_PATHS = NO;
				CLANG_ANALYZER_NONNULL = YES;
				CLANG_ANALYZER_NUMBER_OBJECT_CONVERSION = YES_AGGRESSIVE;
				CLANG_CXX_LANGUAGE_STANDARD = "gnu++14";
				CLANG_CXX_LIBRARY = "libc++";
				CLANG_ENABLE_MODULES = YES;
				CLANG_ENABLE_OBJC_ARC = YES;
				CLANG_ENABLE_OBJC_WEAK = YES;
				CLANG_WARN_BLOCK_CAPTURE_AUTORELEASING = YES;
				CLANG_WARN_BOOL_CONVERSION = YES;
				CLANG_WARN_COMMA = YES;
				CLANG_WARN_CONSTANT_CONVERSION = YES;
				CLANG_WARN_DEPRECATED_OBJC_IMPLEMENTATIONS = YES;
				CLANG_WARN_DIRECT_OBJC_ISA_USAGE = YES_ERROR;
				CLANG_WARN_DOCUMENTATION_COMMENTS = YES;
				CLANG_WARN_EMPTY_BODY = YES;
				CLANG_WARN_ENUM_CONVERSION = YES;
				CLANG_WARN_INFINITE_RECURSION = YES;
				CLANG_WARN_INT_CONVERSION = YES;
				CLANG_WARN_NON_LITERAL_NULL_CONVERSION = YES;
				CLANG_WARN_OBJC_IMPLICIT_RETAIN_SELF = YES;
				CLANG_WARN_OBJC_LITERAL_CONVERSION = YES;
				CLANG_WARN_OBJC_ROOT_CLASS = YES_ERROR;
				CLANG_WARN_RANGE_LOOP_ANALYSIS = YES;
				CLANG_WARN_STRICT_PROTOTYPES = YES;
				CLANG_WARN_SUSPICIOUS_MOVE = YES;
				CLANG_WARN_UNGUARDED_AVAILABILITY = YES_AGGRESSIVE;
				CLANG_WARN_UNREACHABLE_CODE = YES;
				CLANG_WARN__DUPLICATE_METHOD_MATCH = YES;
				CODE_SIGN_IDENTITY = "iPhone Developer";
				COPY_PHASE_STRIP = NO;
				DEBUG_INFORMATION_FORMAT = "dwarf-with-dsym";
				ENABLE_NS_ASSERTIONS = NO;
				ENABLE_STRICT_OBJC_MSGSEND = YES;
				GCC_C_LANGUAGE_STANDARD = gnu11;
				GCC_NO_COMMON_BLOCKS = YES;
				GCC_WARN_64_TO_32_BIT_CONVERSION = YES;
				GCC_WARN_ABOUT_RETURN_TYPE = YES_ERROR;
				GCC_WARN_UNDECLARED_SELECTOR = YES;
				GCC_WARN_UNINITIALIZED_AUTOS = YES_AGGRESSIVE;
				GCC_WARN_UNUSED_FUNCTION = YES;
				GCC_WARN_UNUSED_VARIABLE = YES;
				IPHONEOS_DEPLOYMENT_TARGET = 12.1;
				MTL_ENABLE_DEBUG_INFO = NO;
				MTL_FAST_MATH = YES;
				SDKROOT = iphoneos;
				SWIFT_COMPILATION_MODE = wholemodule;
				SWIFT_OPTIMIZATION_LEVEL = "-O";
				VALIDATE_PRODUCT = YES;
			};
			name = Release;
		};
		11E27F8322555CF00085B26E /* Debug */ = {
			isa = XCBuildConfiguration;
			buildSettings = {
				ASSETCATALOG_COMPILER_APPICON_NAME = AppIcon;
				CODE_SIGN_STYLE = Automatic;
				DEVELOPMENT_TEAM = 3CMZBFC49W;
				INFOPLIST_FILE = homePages/Info.plist;
				LD_RUNPATH_SEARCH_PATHS = (
					"$(inherited)",
					"@executable_path/Frameworks",
				);
				PRODUCT_BUNDLE_IDENTIFIER = com.AprilZhou.homePages;
				PRODUCT_NAME = "$(TARGET_NAME)";
				SWIFT_VERSION = 4.2;
				TARGETED_DEVICE_FAMILY = "1,2";
			};
			name = Debug;
		};
		11E27F8422555CF00085B26E /* Release */ = {
			isa = XCBuildConfiguration;
			buildSettings = {
				ASSETCATALOG_COMPILER_APPICON_NAME = AppIcon;
				CODE_SIGN_STYLE = Automatic;
				DEVELOPMENT_TEAM = 3CMZBFC49W;
				INFOPLIST_FILE = homePages/Info.plist;
				LD_RUNPATH_SEARCH_PATHS = (
					"$(inherited)",
					"@executable_path/Frameworks",
				);
				PRODUCT_BUNDLE_IDENTIFIER = com.AprilZhou.homePages;
				PRODUCT_NAME = "$(TARGET_NAME)";
				SWIFT_VERSION = 4.2;
				TARGETED_DEVICE_FAMILY = "1,2";
			};
			name = Release;
		};
/* End XCBuildConfiguration section */

/* Begin XCConfigurationList section */
		11E27F6B22555CEC0085B26E /* Build configuration list for PBXProject "homePages" */ = {
			isa = XCConfigurationList;
			buildConfigurations = (
				11E27F8022555CF00085B26E /* Debug */,
				11E27F8122555CF00085B26E /* Release */,
			);
			defaultConfigurationIsVisible = 0;
			defaultConfigurationName = Release;
		};
		11E27F8222555CF00085B26E /* Build configuration list for PBXNativeTarget "homePages" */ = {
			isa = XCConfigurationList;
			buildConfigurations = (
				11E27F8322555CF00085B26E /* Debug */,
				11E27F8422555CF00085B26E /* Release */,
			);
			defaultConfigurationIsVisible = 0;
			defaultConfigurationName = Release;
		};
/* End XCConfigurationList section */
	};
	rootObject = 11E27F6822555CEC0085B26E /* Project object */;
}
