// !$*UTF8*$!
{
	archiveVersion = 1;
	classes = {
	};
	objectVersion = 50;
	objects = {

/* Begin PBXBuildFile section */
		112EFD152257ECC300781533 /* GoogleService-Info.plist in Resources */ = {isa = PBXBuildFile; fileRef = 112EFD142257ECC300781533 /* GoogleService-Info.plist */; };
		437F48512260EE2F0029A86E /* Group.swift in Sources */ = {isa = PBXBuildFile; fileRef = 437F48502260EE2F0029A86E /* Group.swift */; };
		437F4853226100200029A86E /* ActiveGamesCell.swift in Sources */ = {isa = PBXBuildFile; fileRef = 437F4852226100200029A86E /* ActiveGamesCell.swift */; };
		437F485522610F340029A86E /* AddGroupsController.swift in Sources */ = {isa = PBXBuildFile; fileRef = 437F485422610F340029A86E /* AddGroupsController.swift */; };
		437F485722610F4E0029A86E /* AddGroupsCell.swift in Sources */ = {isa = PBXBuildFile; fileRef = 437F485622610F4E0029A86E /* AddGroupsCell.swift */; };
		437F4859226114600029A86E /* ConfigureGroupController.swift in Sources */ = {isa = PBXBuildFile; fileRef = 437F4858226114600029A86E /* ConfigureGroupController.swift */; };
		4D4E083C226A545800A2C326 /* BracketController.swift in Sources */ = {isa = PBXBuildFile; fileRef = 4D4E083B226A545800A2C326 /* BracketController.swift */; };
		4D4E083E226A547C00A2C326 /* MatchUpHost.xib in Resources */ = {isa = PBXBuildFile; fileRef = 4D4E083D226A547C00A2C326 /* MatchUpHost.xib */; };
		4D4E0841226A557F00A2C326 /* bracket_backend.swift in Sources */ = {isa = PBXBuildFile; fileRef = 4D4E0840226A557F00A2C326 /* bracket_backend.swift */; };
		4D4E0846226A585000A2C326 /* MatchUpHost.swift in Sources */ = {isa = PBXBuildFile; fileRef = 4D4E0845226A585000A2C326 /* MatchUpHost.swift */; };
		4D4E0848226A725B00A2C326 /* MatchUp.swift in Sources */ = {isa = PBXBuildFile; fileRef = 4D4E0847226A725B00A2C326 /* MatchUp.swift */; };
		64249D555D56A3AC271B39C8 /* Pods_tourniTests.framework in Frameworks */ = {isa = PBXBuildFile; fileRef = CD62A2B0E2960F5BB3B628BD /* Pods_tourniTests.framework */; };
		C30B8952225EA98600DC4469 /* Tournament.swift in Sources */ = {isa = PBXBuildFile; fileRef = C30B8951225EA98600DC4469 /* Tournament.swift */; };
		C31F9D42225566A00049439D /* HostController.swift in Sources */ = {isa = PBXBuildFile; fileRef = C31F9D41225566A00049439D /* HostController.swift */; };
		C31F9D44225566E40049439D /* JoinController.swift in Sources */ = {isa = PBXBuildFile; fileRef = C31F9D43225566E40049439D /* JoinController.swift */; };
		C3668A9C225664C0002D9DF4 /* ActiveGamesController.swift in Sources */ = {isa = PBXBuildFile; fileRef = C3668A9B225664C0002D9DF4 /* ActiveGamesController.swift */; };
		C3C7C7A4225559EE00F311B4 /* AppDelegate.swift in Sources */ = {isa = PBXBuildFile; fileRef = C3C7C7A3225559EE00F311B4 /* AppDelegate.swift */; };
		C3C7C7A9225559EE00F311B4 /* Main.storyboard in Resources */ = {isa = PBXBuildFile; fileRef = C3C7C7A7225559EE00F311B4 /* Main.storyboard */; };
		C3C7C7AB225559EF00F311B4 /* Assets.xcassets in Resources */ = {isa = PBXBuildFile; fileRef = C3C7C7AA225559EF00F311B4 /* Assets.xcassets */; };
		C3C7C7AE225559EF00F311B4 /* LaunchScreen.storyboard in Resources */ = {isa = PBXBuildFile; fileRef = C3C7C7AC225559EF00F311B4 /* LaunchScreen.storyboard */; };
		C3C7C7B9225559EF00F311B4 /* tourniTests.swift in Sources */ = {isa = PBXBuildFile; fileRef = C3C7C7B8225559EF00F311B4 /* tourniTests.swift */; };
		C3C7C7C4225559EF00F311B4 /* tourniUITests.swift in Sources */ = {isa = PBXBuildFile; fileRef = C3C7C7C3225559EF00F311B4 /* tourniUITests.swift */; };
		E71F1D2727246C185A95EA83 /* Pods_tourniUITests.framework in Frameworks */ = {isa = PBXBuildFile; fileRef = 018B43149E40B6C471012550 /* Pods_tourniUITests.framework */; };
		FEABA12B35608913283E3BED /* Pods_tourni.framework in Frameworks */ = {isa = PBXBuildFile; fileRef = 64ED51A524B8C7BD7542E086 /* Pods_tourni.framework */; };
/* End PBXBuildFile section */

/* Begin PBXContainerItemProxy section */
		C3C7C7B5225559EF00F311B4 /* PBXContainerItemProxy */ = {
			isa = PBXContainerItemProxy;
			containerPortal = C3C7C798225559EE00F311B4 /* Project object */;
			proxyType = 1;
			remoteGlobalIDString = C3C7C79F225559EE00F311B4;
			remoteInfo = tourni;
		};
		C3C7C7C0225559EF00F311B4 /* PBXContainerItemProxy */ = {
			isa = PBXContainerItemProxy;
			containerPortal = C3C7C798225559EE00F311B4 /* Project object */;
			proxyType = 1;
			remoteGlobalIDString = C3C7C79F225559EE00F311B4;
			remoteInfo = tourni;
		};
/* End PBXContainerItemProxy section */

/* Begin PBXFileReference section */
		018B43149E40B6C471012550 /* Pods_tourniUITests.framework */ = {isa = PBXFileReference; explicitFileType = wrapper.framework; includeInIndex = 0; path = Pods_tourniUITests.framework; sourceTree = BUILT_PRODUCTS_DIR; };
		112EFD142257ECC300781533 /* GoogleService-Info.plist */ = {isa = PBXFileReference; fileEncoding = 4; lastKnownFileType = text.plist.xml; path = "GoogleService-Info.plist"; sourceTree = "<group>"; };
		437F48502260EE2F0029A86E /* Group.swift */ = {isa = PBXFileReference; lastKnownFileType = sourcecode.swift; path = Group.swift; sourceTree = "<group>"; };
		437F4852226100200029A86E /* ActiveGamesCell.swift */ = {isa = PBXFileReference; lastKnownFileType = sourcecode.swift; path = ActiveGamesCell.swift; sourceTree = "<group>"; };
		437F485422610F340029A86E /* AddGroupsController.swift */ = {isa = PBXFileReference; lastKnownFileType = sourcecode.swift; path = AddGroupsController.swift; sourceTree = "<group>"; };
		437F485622610F4E0029A86E /* AddGroupsCell.swift */ = {isa = PBXFileReference; lastKnownFileType = sourcecode.swift; path = AddGroupsCell.swift; sourceTree = "<group>"; };
		437F4858226114600029A86E /* ConfigureGroupController.swift */ = {isa = PBXFileReference; lastKnownFileType = sourcecode.swift; path = ConfigureGroupController.swift; sourceTree = "<group>"; };
		4D4E083B226A545800A2C326 /* BracketController.swift */ = {isa = PBXFileReference; lastKnownFileType = sourcecode.swift; path = BracketController.swift; sourceTree = "<group>"; };
		4D4E083D226A547C00A2C326 /* MatchUpHost.xib */ = {isa = PBXFileReference; lastKnownFileType = file.xib; path = MatchUpHost.xib; sourceTree = "<group>"; };
		4D4E0840226A557F00A2C326 /* bracket_backend.swift */ = {isa = PBXFileReference; lastKnownFileType = sourcecode.swift; path = bracket_backend.swift; sourceTree = "<group>"; };
		4D4E0844226A571600A2C326 /* MatchUpJoin.xib */ = {isa = PBXFileReference; lastKnownFileType = file.xib; name = MatchUpJoin.xib; path = /Users/mtaglic/Documents/GitHub/tourni/app/tourni/Assets/MatchUpJoin.xib; sourceTree = "<absolute>"; };
		4D4E0845226A585000A2C326 /* MatchUpHost.swift */ = {isa = PBXFileReference; lastKnownFileType = sourcecode.swift; path = MatchUpHost.swift; sourceTree = "<group>"; };
		4D4E0847226A725B00A2C326 /* MatchUp.swift */ = {isa = PBXFileReference; lastKnownFileType = sourcecode.swift; path = MatchUp.swift; sourceTree = "<group>"; };
		64ED51A524B8C7BD7542E086 /* Pods_tourni.framework */ = {isa = PBXFileReference; explicitFileType = wrapper.framework; includeInIndex = 0; path = Pods_tourni.framework; sourceTree = BUILT_PRODUCTS_DIR; };
		79D610222159E97520EC31F1 /* Pods-tourniTests.release.xcconfig */ = {isa = PBXFileReference; includeInIndex = 1; lastKnownFileType = text.xcconfig; name = "Pods-tourniTests.release.xcconfig"; path = "Target Support Files/Pods-tourniTests/Pods-tourniTests.release.xcconfig"; sourceTree = "<group>"; };
		9174008401A47C0696ABE7AC /* Pods-tourniUITests.debug.xcconfig */ = {isa = PBXFileReference; includeInIndex = 1; lastKnownFileType = text.xcconfig; name = "Pods-tourniUITests.debug.xcconfig"; path = "Target Support Files/Pods-tourniUITests/Pods-tourniUITests.debug.xcconfig"; sourceTree = "<group>"; };
		951A879A78F5B3DDC07ECD5D /* Pods-tourniTests.debug.xcconfig */ = {isa = PBXFileReference; includeInIndex = 1; lastKnownFileType = text.xcconfig; name = "Pods-tourniTests.debug.xcconfig"; path = "Target Support Files/Pods-tourniTests/Pods-tourniTests.debug.xcconfig"; sourceTree = "<group>"; };
		967B609DAEFDF11B3584104C /* Pods-tourni.release.xcconfig */ = {isa = PBXFileReference; includeInIndex = 1; lastKnownFileType = text.xcconfig; name = "Pods-tourni.release.xcconfig"; path = "Target Support Files/Pods-tourni/Pods-tourni.release.xcconfig"; sourceTree = "<group>"; };
		C0C73DC0A32AAC2D1A3F14C0 /* Pods-tourni.debug.xcconfig */ = {isa = PBXFileReference; includeInIndex = 1; lastKnownFileType = text.xcconfig; name = "Pods-tourni.debug.xcconfig"; path = "Target Support Files/Pods-tourni/Pods-tourni.debug.xcconfig"; sourceTree = "<group>"; };
		C30B8951225EA98600DC4469 /* Tournament.swift */ = {isa = PBXFileReference; lastKnownFileType = sourcecode.swift; path = Tournament.swift; sourceTree = "<group>"; };
		C31F9D41225566A00049439D /* HostController.swift */ = {isa = PBXFileReference; lastKnownFileType = sourcecode.swift; path = HostController.swift; sourceTree = "<group>"; };
		C31F9D43225566E40049439D /* JoinController.swift */ = {isa = PBXFileReference; lastKnownFileType = sourcecode.swift; path = JoinController.swift; sourceTree = "<group>"; };
		C3668A9B225664C0002D9DF4 /* ActiveGamesController.swift */ = {isa = PBXFileReference; lastKnownFileType = sourcecode.swift; path = ActiveGamesController.swift; sourceTree = "<group>"; };
		C3C7C7A0225559EE00F311B4 /* tourni.app */ = {isa = PBXFileReference; explicitFileType = wrapper.application; includeInIndex = 0; path = tourni.app; sourceTree = BUILT_PRODUCTS_DIR; };
		C3C7C7A3225559EE00F311B4 /* AppDelegate.swift */ = {isa = PBXFileReference; lastKnownFileType = sourcecode.swift; path = AppDelegate.swift; sourceTree = "<group>"; };
		C3C7C7A8225559EE00F311B4 /* Base */ = {isa = PBXFileReference; lastKnownFileType = file.storyboard; name = Base; path = Base.lproj/Main.storyboard; sourceTree = "<group>"; };
		C3C7C7AA225559EF00F311B4 /* Assets.xcassets */ = {isa = PBXFileReference; lastKnownFileType = folder.assetcatalog; path = Assets.xcassets; sourceTree = "<group>"; };
		C3C7C7AD225559EF00F311B4 /* Base */ = {isa = PBXFileReference; lastKnownFileType = file.storyboard; name = Base; path = Base.lproj/LaunchScreen.storyboard; sourceTree = "<group>"; };
		C3C7C7AF225559EF00F311B4 /* Info.plist */ = {isa = PBXFileReference; lastKnownFileType = text.plist.xml; path = Info.plist; sourceTree = "<group>"; };
		C3C7C7B4225559EF00F311B4 /* tourniTests.xctest */ = {isa = PBXFileReference; explicitFileType = wrapper.cfbundle; includeInIndex = 0; path = tourniTests.xctest; sourceTree = BUILT_PRODUCTS_DIR; };
		C3C7C7B8225559EF00F311B4 /* tourniTests.swift */ = {isa = PBXFileReference; lastKnownFileType = sourcecode.swift; path = tourniTests.swift; sourceTree = "<group>"; };
		C3C7C7BA225559EF00F311B4 /* Info.plist */ = {isa = PBXFileReference; lastKnownFileType = text.plist.xml; path = Info.plist; sourceTree = "<group>"; };
		C3C7C7BF225559EF00F311B4 /* tourniUITests.xctest */ = {isa = PBXFileReference; explicitFileType = wrapper.cfbundle; includeInIndex = 0; path = tourniUITests.xctest; sourceTree = BUILT_PRODUCTS_DIR; };
		C3C7C7C3225559EF00F311B4 /* tourniUITests.swift */ = {isa = PBXFileReference; lastKnownFileType = sourcecode.swift; path = tourniUITests.swift; sourceTree = "<group>"; };
		C3C7C7C5225559EF00F311B4 /* Info.plist */ = {isa = PBXFileReference; lastKnownFileType = text.plist.xml; path = Info.plist; sourceTree = "<group>"; };
		CD62A2B0E2960F5BB3B628BD /* Pods_tourniTests.framework */ = {isa = PBXFileReference; explicitFileType = wrapper.framework; includeInIndex = 0; path = Pods_tourniTests.framework; sourceTree = BUILT_PRODUCTS_DIR; };
		FE6B496DD4DE43D8D793BC00 /* Pods-tourniUITests.release.xcconfig */ = {isa = PBXFileReference; includeInIndex = 1; lastKnownFileType = text.xcconfig; name = "Pods-tourniUITests.release.xcconfig"; path = "Target Support Files/Pods-tourniUITests/Pods-tourniUITests.release.xcconfig"; sourceTree = "<group>"; };
/* End PBXFileReference section */

/* Begin PBXFrameworksBuildPhase section */
		C3C7C79D225559EE00F311B4 /* Frameworks */ = {
			isa = PBXFrameworksBuildPhase;
			buildActionMask = 2147483647;
			files = (
				FEABA12B35608913283E3BED /* Pods_tourni.framework in Frameworks */,
			);
			runOnlyForDeploymentPostprocessing = 0;
		};
		C3C7C7B1225559EF00F311B4 /* Frameworks */ = {
			isa = PBXFrameworksBuildPhase;
			buildActionMask = 2147483647;
			files = (
				64249D555D56A3AC271B39C8 /* Pods_tourniTests.framework in Frameworks */,
			);
			runOnlyForDeploymentPostprocessing = 0;
		};
		C3C7C7BC225559EF00F311B4 /* Frameworks */ = {
			isa = PBXFrameworksBuildPhase;
			buildActionMask = 2147483647;
			files = (
				E71F1D2727246C185A95EA83 /* Pods_tourniUITests.framework in Frameworks */,
			);
			runOnlyForDeploymentPostprocessing = 0;
		};
/* End PBXFrameworksBuildPhase section */

/* Begin PBXGroup section */
		437F484E2260ED380029A86E /* View Controllers */ = {
			isa = PBXGroup;
			children = (
				C3668A9B225664C0002D9DF4 /* ActiveGamesController.swift */,
				437F4852226100200029A86E /* ActiveGamesCell.swift */,
				437F485422610F340029A86E /* AddGroupsController.swift */,
				437F485622610F4E0029A86E /* AddGroupsCell.swift */,
				4D4E083B226A545800A2C326 /* BracketController.swift */,
				437F4858226114600029A86E /* ConfigureGroupController.swift */,
				C31F9D41225566A00049439D /* HostController.swift */,
				C31F9D43225566E40049439D /* JoinController.swift */,
			);
			path = "View Controllers";
			sourceTree = "<group>";
		};
		437F484F2260ED650029A86E /* Classes */ = {
			isa = PBXGroup;
			children = (
				C30B8951225EA98600DC4469 /* Tournament.swift */,
				4D4E0847226A725B00A2C326 /* MatchUp.swift */,
				437F48502260EE2F0029A86E /* Group.swift */,
				4D4E0840226A557F00A2C326 /* bracket_backend.swift */,
			);
			path = Classes;
			sourceTree = "<group>";
		};
		49D4674349B79D0FA4A87164 /* Pods */ = {
			isa = PBXGroup;
			children = (
				C0C73DC0A32AAC2D1A3F14C0 /* Pods-tourni.debug.xcconfig */,
				967B609DAEFDF11B3584104C /* Pods-tourni.release.xcconfig */,
				951A879A78F5B3DDC07ECD5D /* Pods-tourniTests.debug.xcconfig */,
				79D610222159E97520EC31F1 /* Pods-tourniTests.release.xcconfig */,
				9174008401A47C0696ABE7AC /* Pods-tourniUITests.debug.xcconfig */,
				FE6B496DD4DE43D8D793BC00 /* Pods-tourniUITests.release.xcconfig */,
			);
			path = Pods;
			sourceTree = "<group>";
		};
		4D4E083F226A548800A2C326 /* Assets */ = {
			isa = PBXGroup;
			children = (
				4D4E083D226A547C00A2C326 /* MatchUpHost.xib */,
				4D4E0845226A585000A2C326 /* MatchUpHost.swift */,
				4D4E0844226A571600A2C326 /* MatchUpJoin.xib */,
			);
			path = Assets;
			sourceTree = "<group>";
		};
		C3C7C797225559EE00F311B4 = {
			isa = PBXGroup;
			children = (
				C3C7C7A2225559EE00F311B4 /* tourni */,
				C3C7C7B7225559EF00F311B4 /* tourniTests */,
				C3C7C7C2225559EF00F311B4 /* tourniUITests */,
				C3C7C7A1225559EE00F311B4 /* Products */,
				49D4674349B79D0FA4A87164 /* Pods */,
				F82C70524274C31D24266121 /* Frameworks */,
			);
			sourceTree = "<group>";
		};
		C3C7C7A1225559EE00F311B4 /* Products */ = {
			isa = PBXGroup;
			children = (
				C3C7C7A0225559EE00F311B4 /* tourni.app */,
				C3C7C7B4225559EF00F311B4 /* tourniTests.xctest */,
				C3C7C7BF225559EF00F311B4 /* tourniUITests.xctest */,
			);
			name = Products;
			sourceTree = "<group>";
		};
		C3C7C7A2225559EE00F311B4 /* tourni */ = {
			isa = PBXGroup;
			children = (
				4D4E083F226A548800A2C326 /* Assets */,
				437F484F2260ED650029A86E /* Classes */,
				437F484E2260ED380029A86E /* View Controllers */,
				C3C7C7AA225559EF00F311B4 /* Assets.xcassets */,
				C3C7C7A7225559EE00F311B4 /* Main.storyboard */,
				C3C7C7AC225559EF00F311B4 /* LaunchScreen.storyboard */,
				C3C7C7A3225559EE00F311B4 /* AppDelegate.swift */,
				C3C7C7AF225559EF00F311B4 /* Info.plist */,
				112EFD142257ECC300781533 /* GoogleService-Info.plist */,
			);
			path = tourni;
			sourceTree = "<group>";
		};
		C3C7C7B7225559EF00F311B4 /* tourniTests */ = {
			isa = PBXGroup;
			children = (
				C3C7C7B8225559EF00F311B4 /* tourniTests.swift */,
				C3C7C7BA225559EF00F311B4 /* Info.plist */,
			);
			path = tourniTests;
			sourceTree = "<group>";
		};
		C3C7C7C2225559EF00F311B4 /* tourniUITests */ = {
			isa = PBXGroup;
			children = (
				C3C7C7C3225559EF00F311B4 /* tourniUITests.swift */,
				C3C7C7C5225559EF00F311B4 /* Info.plist */,
			);
			path = tourniUITests;
			sourceTree = "<group>";
		};
		F82C70524274C31D24266121 /* Frameworks */ = {
			isa = PBXGroup;
			children = (
				64ED51A524B8C7BD7542E086 /* Pods_tourni.framework */,
				CD62A2B0E2960F5BB3B628BD /* Pods_tourniTests.framework */,
				018B43149E40B6C471012550 /* Pods_tourniUITests.framework */,
			);
			name = Frameworks;
			sourceTree = "<group>";
		};
/* End PBXGroup section */

/* Begin PBXNativeTarget section */
		C3C7C79F225559EE00F311B4 /* tourni */ = {
			isa = PBXNativeTarget;
			buildConfigurationList = C3C7C7C8225559EF00F311B4 /* Build configuration list for PBXNativeTarget "tourni" */;
			buildPhases = (
				4EE6018F36E4CE3EF8472C00 /* [CP] Check Pods Manifest.lock */,
				C3C7C79C225559EE00F311B4 /* Sources */,
				C3C7C79D225559EE00F311B4 /* Frameworks */,
				C3C7C79E225559EE00F311B4 /* Resources */,
				416F329ED2DB589087631D2F /* [CP] Embed Pods Frameworks */,
			);
			buildRules = (
			);
			dependencies = (
			);
			name = tourni;
			productName = tourni;
			productReference = C3C7C7A0225559EE00F311B4 /* tourni.app */;
			productType = "com.apple.product-type.application";
		};
		C3C7C7B3225559EF00F311B4 /* tourniTests */ = {
			isa = PBXNativeTarget;
			buildConfigurationList = C3C7C7CB225559EF00F311B4 /* Build configuration list for PBXNativeTarget "tourniTests" */;
			buildPhases = (
				569F18CA5C17342277736714 /* [CP] Check Pods Manifest.lock */,
				C3C7C7B0225559EF00F311B4 /* Sources */,
				C3C7C7B1225559EF00F311B4 /* Frameworks */,
				C3C7C7B2225559EF00F311B4 /* Resources */,
			);
			buildRules = (
			);
			dependencies = (
				C3C7C7B6225559EF00F311B4 /* PBXTargetDependency */,
			);
			name = tourniTests;
			productName = tourniTests;
			productReference = C3C7C7B4225559EF00F311B4 /* tourniTests.xctest */;
			productType = "com.apple.product-type.bundle.unit-test";
		};
		C3C7C7BE225559EF00F311B4 /* tourniUITests */ = {
			isa = PBXNativeTarget;
			buildConfigurationList = C3C7C7CE225559EF00F311B4 /* Build configuration list for PBXNativeTarget "tourniUITests" */;
			buildPhases = (
				730C817F80ED13C34AA29F01 /* [CP] Check Pods Manifest.lock */,
				C3C7C7BB225559EF00F311B4 /* Sources */,
				C3C7C7BC225559EF00F311B4 /* Frameworks */,
				C3C7C7BD225559EF00F311B4 /* Resources */,
			);
			buildRules = (
			);
			dependencies = (
				C3C7C7C1225559EF00F311B4 /* PBXTargetDependency */,
			);
			name = tourniUITests;
			productName = tourniUITests;
			productReference = C3C7C7BF225559EF00F311B4 /* tourniUITests.xctest */;
			productType = "com.apple.product-type.bundle.ui-testing";
		};
/* End PBXNativeTarget section */

/* Begin PBXProject section */
		C3C7C798225559EE00F311B4 /* Project object */ = {
			isa = PBXProject;
			attributes = {
				LastSwiftUpdateCheck = 1010;
				LastUpgradeCheck = 1010;
				ORGANIZATIONNAME = group13;
				TargetAttributes = {
					C3C7C79F225559EE00F311B4 = {
						CreatedOnToolsVersion = 10.1;
					};
					C3C7C7B3225559EF00F311B4 = {
						CreatedOnToolsVersion = 10.1;
						TestTargetID = C3C7C79F225559EE00F311B4;
					};
					C3C7C7BE225559EF00F311B4 = {
						CreatedOnToolsVersion = 10.1;
						TestTargetID = C3C7C79F225559EE00F311B4;
					};
				};
			};
			buildConfigurationList = C3C7C79B225559EE00F311B4 /* Build configuration list for PBXProject "tourni" */;
			compatibilityVersion = "Xcode 9.3";
			developmentRegion = en;
			hasScannedForEncodings = 0;
			knownRegions = (
				en,
				Base,
			);
			mainGroup = C3C7C797225559EE00F311B4;
			productRefGroup = C3C7C7A1225559EE00F311B4 /* Products */;
			projectDirPath = "";
			projectRoot = "";
			targets = (
				C3C7C79F225559EE00F311B4 /* tourni */,
				C3C7C7B3225559EF00F311B4 /* tourniTests */,
				C3C7C7BE225559EF00F311B4 /* tourniUITests */,
			);
		};
/* End PBXProject section */

/* Begin PBXResourcesBuildPhase section */
		C3C7C79E225559EE00F311B4 /* Resources */ = {
			isa = PBXResourcesBuildPhase;
			buildActionMask = 2147483647;
			files = (
				4D4E083E226A547C00A2C326 /* MatchUpHost.xib in Resources */,
				C3C7C7AE225559EF00F311B4 /* LaunchScreen.storyboard in Resources */,
				112EFD152257ECC300781533 /* GoogleService-Info.plist in Resources */,
				C3C7C7AB225559EF00F311B4 /* Assets.xcassets in Resources */,
				C3C7C7A9225559EE00F311B4 /* Main.storyboard in Resources */,
			);
			runOnlyForDeploymentPostprocessing = 0;
		};
		C3C7C7B2225559EF00F311B4 /* Resources */ = {
			isa = PBXResourcesBuildPhase;
			buildActionMask = 2147483647;
			files = (
			);
			runOnlyForDeploymentPostprocessing = 0;
		};
		C3C7C7BD225559EF00F311B4 /* Resources */ = {
			isa = PBXResourcesBuildPhase;
			buildActionMask = 2147483647;
			files = (
			);
			runOnlyForDeploymentPostprocessing = 0;
		};
/* End PBXResourcesBuildPhase section */

/* Begin PBXShellScriptBuildPhase section */
		416F329ED2DB589087631D2F /* [CP] Embed Pods Frameworks */ = {
			isa = PBXShellScriptBuildPhase;
			buildActionMask = 2147483647;
			files = (
			);
			inputFileListPaths = (
			);
			inputPaths = (
				"${PODS_ROOT}/Target Support Files/Pods-tourni/Pods-tourni-frameworks.sh",
				"${BUILT_PRODUCTS_DIR}/BoringSSL-GRPC/openssl_grpc.framework",
				"${BUILT_PRODUCTS_DIR}/GoogleUtilities/GoogleUtilities.framework",
				"${BUILT_PRODUCTS_DIR}/Protobuf/Protobuf.framework",
				"${BUILT_PRODUCTS_DIR}/gRPC-C++/grpcpp.framework",
				"${BUILT_PRODUCTS_DIR}/gRPC-Core/grpc.framework",
				"${BUILT_PRODUCTS_DIR}/leveldb-library/leveldb.framework",
				"${BUILT_PRODUCTS_DIR}/nanopb/nanopb.framework",
			);
			name = "[CP] Embed Pods Frameworks";
			outputFileListPaths = (
			);
			outputPaths = (
				"${TARGET_BUILD_DIR}/${FRAMEWORKS_FOLDER_PATH}/openssl_grpc.framework",
				"${TARGET_BUILD_DIR}/${FRAMEWORKS_FOLDER_PATH}/GoogleUtilities.framework",
				"${TARGET_BUILD_DIR}/${FRAMEWORKS_FOLDER_PATH}/Protobuf.framework",
				"${TARGET_BUILD_DIR}/${FRAMEWORKS_FOLDER_PATH}/grpcpp.framework",
				"${TARGET_BUILD_DIR}/${FRAMEWORKS_FOLDER_PATH}/grpc.framework",
				"${TARGET_BUILD_DIR}/${FRAMEWORKS_FOLDER_PATH}/leveldb.framework",
				"${TARGET_BUILD_DIR}/${FRAMEWORKS_FOLDER_PATH}/nanopb.framework",
			);
			runOnlyForDeploymentPostprocessing = 0;
			shellPath = /bin/sh;
			shellScript = "\"${PODS_ROOT}/Target Support Files/Pods-tourni/Pods-tourni-frameworks.sh\"\n";
			showEnvVarsInLog = 0;
		};
		4EE6018F36E4CE3EF8472C00 /* [CP] Check Pods Manifest.lock */ = {
			isa = PBXShellScriptBuildPhase;
			buildActionMask = 2147483647;
			files = (
			);
			inputFileListPaths = (
			);
			inputPaths = (
				"${PODS_PODFILE_DIR_PATH}/Podfile.lock",
				"${PODS_ROOT}/Manifest.lock",
			);
			name = "[CP] Check Pods Manifest.lock";
			outputFileListPaths = (
			);
			outputPaths = (
				"$(DERIVED_FILE_DIR)/Pods-tourni-checkManifestLockResult.txt",
			);
			runOnlyForDeploymentPostprocessing = 0;
			shellPath = /bin/sh;
			shellScript = "diff \"${PODS_PODFILE_DIR_PATH}/Podfile.lock\" \"${PODS_ROOT}/Manifest.lock\" > /dev/null\nif [ $? != 0 ] ; then\n    # print error to STDERR\n    echo \"error: The sandbox is not in sync with the Podfile.lock. Run 'pod install' or update your CocoaPods installation.\" >&2\n    exit 1\nfi\n# This output is used by Xcode 'outputs' to avoid re-running this script phase.\necho \"SUCCESS\" > \"${SCRIPT_OUTPUT_FILE_0}\"\n";
			showEnvVarsInLog = 0;
		};
		569F18CA5C17342277736714 /* [CP] Check Pods Manifest.lock */ = {
			isa = PBXShellScriptBuildPhase;
			buildActionMask = 2147483647;
			files = (
			);
			inputFileListPaths = (
			);
			inputPaths = (
				"${PODS_PODFILE_DIR_PATH}/Podfile.lock",
				"${PODS_ROOT}/Manifest.lock",
			);
			name = "[CP] Check Pods Manifest.lock";
			outputFileListPaths = (
			);
			outputPaths = (
				"$(DERIVED_FILE_DIR)/Pods-tourniTests-checkManifestLockResult.txt",
			);
			runOnlyForDeploymentPostprocessing = 0;
			shellPath = /bin/sh;
			shellScript = "diff \"${PODS_PODFILE_DIR_PATH}/Podfile.lock\" \"${PODS_ROOT}/Manifest.lock\" > /dev/null\nif [ $? != 0 ] ; then\n    # print error to STDERR\n    echo \"error: The sandbox is not in sync with the Podfile.lock. Run 'pod install' or update your CocoaPods installation.\" >&2\n    exit 1\nfi\n# This output is used by Xcode 'outputs' to avoid re-running this script phase.\necho \"SUCCESS\" > \"${SCRIPT_OUTPUT_FILE_0}\"\n";
			showEnvVarsInLog = 0;
		};
		730C817F80ED13C34AA29F01 /* [CP] Check Pods Manifest.lock */ = {
			isa = PBXShellScriptBuildPhase;
			buildActionMask = 2147483647;
			files = (
			);
			inputFileListPaths = (
			);
			inputPaths = (
				"${PODS_PODFILE_DIR_PATH}/Podfile.lock",
				"${PODS_ROOT}/Manifest.lock",
			);
			name = "[CP] Check Pods Manifest.lock";
			outputFileListPaths = (
			);
			outputPaths = (
				"$(DERIVED_FILE_DIR)/Pods-tourniUITests-checkManifestLockResult.txt",
			);
			runOnlyForDeploymentPostprocessing = 0;
			shellPath = /bin/sh;
			shellScript = "diff \"${PODS_PODFILE_DIR_PATH}/Podfile.lock\" \"${PODS_ROOT}/Manifest.lock\" > /dev/null\nif [ $? != 0 ] ; then\n    # print error to STDERR\n    echo \"error: The sandbox is not in sync with the Podfile.lock. Run 'pod install' or update your CocoaPods installation.\" >&2\n    exit 1\nfi\n# This output is used by Xcode 'outputs' to avoid re-running this script phase.\necho \"SUCCESS\" > \"${SCRIPT_OUTPUT_FILE_0}\"\n";
			showEnvVarsInLog = 0;
		};
/* End PBXShellScriptBuildPhase section */

/* Begin PBXSourcesBuildPhase section */
		C3C7C79C225559EE00F311B4 /* Sources */ = {
			isa = PBXSourcesBuildPhase;
			buildActionMask = 2147483647;
			files = (
				4D4E0848226A725B00A2C326 /* MatchUp.swift in Sources */,
				C30B8952225EA98600DC4469 /* Tournament.swift in Sources */,
				437F485522610F340029A86E /* AddGroupsController.swift in Sources */,
				4D4E083C226A545800A2C326 /* BracketController.swift in Sources */,
				4D4E0841226A557F00A2C326 /* bracket_backend.swift in Sources */,
				437F4859226114600029A86E /* ConfigureGroupController.swift in Sources */,
				C31F9D42225566A00049439D /* HostController.swift in Sources */,
				C3668A9C225664C0002D9DF4 /* ActiveGamesController.swift in Sources */,
				4D4E0846226A585000A2C326 /* MatchUpHost.swift in Sources */,
				437F48512260EE2F0029A86E /* Group.swift in Sources */,
				437F485722610F4E0029A86E /* AddGroupsCell.swift in Sources */,
				C3C7C7A4225559EE00F311B4 /* AppDelegate.swift in Sources */,
				437F4853226100200029A86E /* ActiveGamesCell.swift in Sources */,
				C31F9D44225566E40049439D /* JoinController.swift in Sources */,
			);
			runOnlyForDeploymentPostprocessing = 0;
		};
		C3C7C7B0225559EF00F311B4 /* Sources */ = {
			isa = PBXSourcesBuildPhase;
			buildActionMask = 2147483647;
			files = (
				C3C7C7B9225559EF00F311B4 /* tourniTests.swift in Sources */,
			);
			runOnlyForDeploymentPostprocessing = 0;
		};
		C3C7C7BB225559EF00F311B4 /* Sources */ = {
			isa = PBXSourcesBuildPhase;
			buildActionMask = 2147483647;
			files = (
				C3C7C7C4225559EF00F311B4 /* tourniUITests.swift in Sources */,
			);
			runOnlyForDeploymentPostprocessing = 0;
		};
/* End PBXSourcesBuildPhase section */

/* Begin PBXTargetDependency section */
		C3C7C7B6225559EF00F311B4 /* PBXTargetDependency */ = {
			isa = PBXTargetDependency;
			target = C3C7C79F225559EE00F311B4 /* tourni */;
			targetProxy = C3C7C7B5225559EF00F311B4 /* PBXContainerItemProxy */;
		};
		C3C7C7C1225559EF00F311B4 /* PBXTargetDependency */ = {
			isa = PBXTargetDependency;
			target = C3C7C79F225559EE00F311B4 /* tourni */;
			targetProxy = C3C7C7C0225559EF00F311B4 /* PBXContainerItemProxy */;
		};
/* End PBXTargetDependency section */

/* Begin PBXVariantGroup section */
		C3C7C7A7225559EE00F311B4 /* Main.storyboard */ = {
			isa = PBXVariantGroup;
			children = (
				C3C7C7A8225559EE00F311B4 /* Base */,
			);
			name = Main.storyboard;
			sourceTree = "<group>";
		};
		C3C7C7AC225559EF00F311B4 /* LaunchScreen.storyboard */ = {
			isa = PBXVariantGroup;
			children = (
				C3C7C7AD225559EF00F311B4 /* Base */,
			);
			name = LaunchScreen.storyboard;
			sourceTree = "<group>";
		};
/* End PBXVariantGroup section */

/* Begin XCBuildConfiguration section */
		C3C7C7C6225559EF00F311B4 /* Debug */ = {
			isa = XCBuildConfiguration;
			buildSettings = {
				ALWAYS_SEARCH_USER_PATHS = NO;
				CLANG_ANALYZER_NONNULL = YES;
				CLANG_ANALYZER_NUMBER_OBJECT_CONVERSION = YES_AGGRESSIVE;
				CLANG_CXX_LANGUAGE_STANDARD = "gnu++14";
				CLANG_CXX_LIBRARY = "libc++";
				CLANG_ENABLE_MODULES = YES;
				CLANG_ENABLE_OBJC_ARC = YES;
				CLANG_ENABLE_OBJC_WEAK = YES;
				CLANG_WARN_BLOCK_CAPTURE_AUTORELEASING = YES;
				CLANG_WARN_BOOL_CONVERSION = YES;
				CLANG_WARN_COMMA = YES;
				CLANG_WARN_CONSTANT_CONVERSION = YES;
				CLANG_WARN_DEPRECATED_OBJC_IMPLEMENTATIONS = YES;
				CLANG_WARN_DIRECT_OBJC_ISA_USAGE = YES_ERROR;
				CLANG_WARN_DOCUMENTATION_COMMENTS = YES;
				CLANG_WARN_EMPTY_BODY = YES;
				CLANG_WARN_ENUM_CONVERSION = YES;
				CLANG_WARN_INFINITE_RECURSION = YES;
				CLANG_WARN_INT_CONVERSION = YES;
				CLANG_WARN_NON_LITERAL_NULL_CONVERSION = YES;
				CLANG_WARN_OBJC_IMPLICIT_RETAIN_SELF = YES;
				CLANG_WARN_OBJC_LITERAL_CONVERSION = YES;
				CLANG_WARN_OBJC_ROOT_CLASS = YES_ERROR;
				CLANG_WARN_RANGE_LOOP_ANALYSIS = YES;
				CLANG_WARN_STRICT_PROTOTYPES = YES;
				CLANG_WARN_SUSPICIOUS_MOVE = YES;
				CLANG_WARN_UNGUARDED_AVAILABILITY = YES_AGGRESSIVE;
				CLANG_WARN_UNREACHABLE_CODE = YES;
				CLANG_WARN__DUPLICATE_METHOD_MATCH = YES;
				CODE_SIGN_IDENTITY = "iPhone Developer";
				COPY_PHASE_STRIP = NO;
				DEBUG_INFORMATION_FORMAT = dwarf;
				ENABLE_STRICT_OBJC_MSGSEND = YES;
				ENABLE_TESTABILITY = YES;
				GCC_C_LANGUAGE_STANDARD = gnu11;
				GCC_DYNAMIC_NO_PIC = NO;
				GCC_NO_COMMON_BLOCKS = YES;
				GCC_OPTIMIZATION_LEVEL = 0;
				GCC_PREPROCESSOR_DEFINITIONS = (
					"DEBUG=1",
					"$(inherited)",
				);
				GCC_WARN_64_TO_32_BIT_CONVERSION = YES;
				GCC_WARN_ABOUT_RETURN_TYPE = YES_ERROR;
				GCC_WARN_UNDECLARED_SELECTOR = YES;
				GCC_WARN_UNINITIALIZED_AUTOS = YES_AGGRESSIVE;
				GCC_WARN_UNUSED_FUNCTION = YES;
				GCC_WARN_UNUSED_VARIABLE = YES;
				IPHONEOS_DEPLOYMENT_TARGET = 12.1;
				MTL_ENABLE_DEBUG_INFO = INCLUDE_SOURCE;
				MTL_FAST_MATH = YES;
				ONLY_ACTIVE_ARCH = YES;
				SDKROOT = iphoneos;
				SWIFT_ACTIVE_COMPILATION_CONDITIONS = DEBUG;
				SWIFT_OPTIMIZATION_LEVEL = "-Onone";
			};
			name = Debug;
		};
		C3C7C7C7225559EF00F311B4 /* Release */ = {
			isa = XCBuildConfiguration;
			buildSettings = {
				ALWAYS_SEARCH_USER_PATHS = NO;
				CLANG_ANALYZER_NONNULL = YES;
				CLANG_ANALYZER_NUMBER_OBJECT_CONVERSION = YES_AGGRESSIVE;
				CLANG_CXX_LANGUAGE_STANDARD = "gnu++14";
				CLANG_CXX_LIBRARY = "libc++";
				CLANG_ENABLE_MODULES = YES;
				CLANG_ENABLE_OBJC_ARC = YES;
				CLANG_ENABLE_OBJC_WEAK = YES;
				CLANG_WARN_BLOCK_CAPTURE_AUTORELEASING = YES;
				CLANG_WARN_BOOL_CONVERSION = YES;
				CLANG_WARN_COMMA = YES;
				CLANG_WARN_CONSTANT_CONVERSION = YES;
				CLANG_WARN_DEPRECATED_OBJC_IMPLEMENTATIONS = YES;
				CLANG_WARN_DIRECT_OBJC_ISA_USAGE = YES_ERROR;
				CLANG_WARN_DOCUMENTATION_COMMENTS = YES;
				CLANG_WARN_EMPTY_BODY = YES;
				CLANG_WARN_ENUM_CONVERSION = YES;
				CLANG_WARN_INFINITE_RECURSION = YES;
				CLANG_WARN_INT_CONVERSION = YES;
				CLANG_WARN_NON_LITERAL_NULL_CONVERSION = YES;
				CLANG_WARN_OBJC_IMPLICIT_RETAIN_SELF = YES;
				CLANG_WARN_OBJC_LITERAL_CONVERSION = YES;
				CLANG_WARN_OBJC_ROOT_CLASS = YES_ERROR;
				CLANG_WARN_RANGE_LOOP_ANALYSIS = YES;
				CLANG_WARN_STRICT_PROTOTYPES = YES;
				CLANG_WARN_SUSPICIOUS_MOVE = YES;
				CLANG_WARN_UNGUARDED_AVAILABILITY = YES_AGGRESSIVE;
				CLANG_WARN_UNREACHABLE_CODE = YES;
				CLANG_WARN__DUPLICATE_METHOD_MATCH = YES;
				CODE_SIGN_IDENTITY = "iPhone Developer";
				COPY_PHASE_STRIP = NO;
				DEBUG_INFORMATION_FORMAT = "dwarf-with-dsym";
				ENABLE_NS_ASSERTIONS = NO;
				ENABLE_STRICT_OBJC_MSGSEND = YES;
				GCC_C_LANGUAGE_STANDARD = gnu11;
				GCC_NO_COMMON_BLOCKS = YES;
				GCC_WARN_64_TO_32_BIT_CONVERSION = YES;
				GCC_WARN_ABOUT_RETURN_TYPE = YES_ERROR;
				GCC_WARN_UNDECLARED_SELECTOR = YES;
				GCC_WARN_UNINITIALIZED_AUTOS = YES_AGGRESSIVE;
				GCC_WARN_UNUSED_FUNCTION = YES;
				GCC_WARN_UNUSED_VARIABLE = YES;
				IPHONEOS_DEPLOYMENT_TARGET = 12.1;
				MTL_ENABLE_DEBUG_INFO = NO;
				MTL_FAST_MATH = YES;
				SDKROOT = iphoneos;
				SWIFT_COMPILATION_MODE = wholemodule;
				SWIFT_OPTIMIZATION_LEVEL = "-O";
				VALIDATE_PRODUCT = YES;
			};
			name = Release;
		};
		C3C7C7C9225559EF00F311B4 /* Debug */ = {
			isa = XCBuildConfiguration;
			baseConfigurationReference = C0C73DC0A32AAC2D1A3F14C0 /* Pods-tourni.debug.xcconfig */;
			buildSettings = {
				ASSETCATALOG_COMPILER_APPICON_NAME = AppIcon;
				CODE_SIGN_STYLE = Automatic;
				DEVELOPMENT_TEAM = "";
				INFOPLIST_FILE = tourni/Info.plist;
				LD_RUNPATH_SEARCH_PATHS = (
					"$(inherited)",
					"@executable_path/Frameworks",
				);
				PRODUCT_BUNDLE_IDENTIFIER = com.group13.tourni;
				PRODUCT_NAME = "$(TARGET_NAME)";
				SWIFT_VERSION = 4.2;
				TARGETED_DEVICE_FAMILY = "1,2";
			};
			name = Debug;
		};
		C3C7C7CA225559EF00F311B4 /* Release */ = {
			isa = XCBuildConfiguration;
			baseConfigurationReference = 967B609DAEFDF11B3584104C /* Pods-tourni.release.xcconfig */;
			buildSettings = {
				ASSETCATALOG_COMPILER_APPICON_NAME = AppIcon;
				CODE_SIGN_STYLE = Automatic;
				DEVELOPMENT_TEAM = "";
				INFOPLIST_FILE = tourni/Info.plist;
				LD_RUNPATH_SEARCH_PATHS = (
					"$(inherited)",
					"@executable_path/Frameworks",
				);
				PRODUCT_BUNDLE_IDENTIFIER = com.group13.tourni;
				PRODUCT_NAME = "$(TARGET_NAME)";
				SWIFT_VERSION = 4.2;
				TARGETED_DEVICE_FAMILY = "1,2";
			};
			name = Release;
		};
		C3C7C7CC225559EF00F311B4 /* Debug */ = {
			isa = XCBuildConfiguration;
			baseConfigurationReference = 951A879A78F5B3DDC07ECD5D /* Pods-tourniTests.debug.xcconfig */;
			buildSettings = {
				ALWAYS_EMBED_SWIFT_STANDARD_LIBRARIES = YES;
				BUNDLE_LOADER = "$(TEST_HOST)";
				CODE_SIGN_STYLE = Automatic;
				INFOPLIST_FILE = tourniTests/Info.plist;
				LD_RUNPATH_SEARCH_PATHS = (
					"$(inherited)",
					"@executable_path/Frameworks",
					"@loader_path/Frameworks",
				);
				PRODUCT_BUNDLE_IDENTIFIER = com.group13.tourniTests;
				PRODUCT_NAME = "$(TARGET_NAME)";
				SWIFT_VERSION = 4.2;
				TARGETED_DEVICE_FAMILY = "1,2";
				TEST_HOST = "$(BUILT_PRODUCTS_DIR)/tourni.app/tourni";
			};
			name = Debug;
		};
		C3C7C7CD225559EF00F311B4 /* Release */ = {
			isa = XCBuildConfiguration;
			baseConfigurationReference = 79D610222159E97520EC31F1 /* Pods-tourniTests.release.xcconfig */;
			buildSettings = {
				ALWAYS_EMBED_SWIFT_STANDARD_LIBRARIES = YES;
				BUNDLE_LOADER = "$(TEST_HOST)";
				CODE_SIGN_STYLE = Automatic;
				INFOPLIST_FILE = tourniTests/Info.plist;
				LD_RUNPATH_SEARCH_PATHS = (
					"$(inherited)",
					"@executable_path/Frameworks",
					"@loader_path/Frameworks",
				);
				PRODUCT_BUNDLE_IDENTIFIER = com.group13.tourniTests;
				PRODUCT_NAME = "$(TARGET_NAME)";
				SWIFT_VERSION = 4.2;
				TARGETED_DEVICE_FAMILY = "1,2";
				TEST_HOST = "$(BUILT_PRODUCTS_DIR)/tourni.app/tourni";
			};
			name = Release;
		};
		C3C7C7CF225559EF00F311B4 /* Debug */ = {
			isa = XCBuildConfiguration;
			baseConfigurationReference = 9174008401A47C0696ABE7AC /* Pods-tourniUITests.debug.xcconfig */;
			buildSettings = {
				ALWAYS_EMBED_SWIFT_STANDARD_LIBRARIES = YES;
				CODE_SIGN_STYLE = Automatic;
				INFOPLIST_FILE = tourniUITests/Info.plist;
				LD_RUNPATH_SEARCH_PATHS = (
					"$(inherited)",
					"@executable_path/Frameworks",
					"@loader_path/Frameworks",
				);
				PRODUCT_BUNDLE_IDENTIFIER = com.group13.tourniUITests;
				PRODUCT_NAME = "$(TARGET_NAME)";
				SWIFT_VERSION = 4.2;
				TARGETED_DEVICE_FAMILY = "1,2";
				TEST_TARGET_NAME = tourni;
			};
			name = Debug;
		};
		C3C7C7D0225559EF00F311B4 /* Release */ = {
			isa = XCBuildConfiguration;
			baseConfigurationReference = FE6B496DD4DE43D8D793BC00 /* Pods-tourniUITests.release.xcconfig */;
			buildSettings = {
				ALWAYS_EMBED_SWIFT_STANDARD_LIBRARIES = YES;
				CODE_SIGN_STYLE = Automatic;
				INFOPLIST_FILE = tourniUITests/Info.plist;
				LD_RUNPATH_SEARCH_PATHS = (
					"$(inherited)",
					"@executable_path/Frameworks",
					"@loader_path/Frameworks",
				);
				PRODUCT_BUNDLE_IDENTIFIER = com.group13.tourniUITests;
				PRODUCT_NAME = "$(TARGET_NAME)";
				SWIFT_VERSION = 4.2;
				TARGETED_DEVICE_FAMILY = "1,2";
				TEST_TARGET_NAME = tourni;
			};
			name = Release;
		};
/* End XCBuildConfiguration section */

/* Begin XCConfigurationList section */
		C3C7C79B225559EE00F311B4 /* Build configuration list for PBXProject "tourni" */ = {
			isa = XCConfigurationList;
			buildConfigurations = (
				C3C7C7C6225559EF00F311B4 /* Debug */,
				C3C7C7C7225559EF00F311B4 /* Release */,
			);
			defaultConfigurationIsVisible = 0;
			defaultConfigurationName = Release;
		};
		C3C7C7C8225559EF00F311B4 /* Build configuration list for PBXNativeTarget "tourni" */ = {
			isa = XCConfigurationList;
			buildConfigurations = (
				C3C7C7C9225559EF00F311B4 /* Debug */,
				C3C7C7CA225559EF00F311B4 /* Release */,
			);
			defaultConfigurationIsVisible = 0;
			defaultConfigurationName = Release;
		};
		C3C7C7CB225559EF00F311B4 /* Build configuration list for PBXNativeTarget "tourniTests" */ = {
			isa = XCConfigurationList;
			buildConfigurations = (
				C3C7C7CC225559EF00F311B4 /* Debug */,
				C3C7C7CD225559EF00F311B4 /* Release */,
			);
			defaultConfigurationIsVisible = 0;
			defaultConfigurationName = Release;
		};
		C3C7C7CE225559EF00F311B4 /* Build configuration list for PBXNativeTarget "tourniUITests" */ = {
			isa = XCConfigurationList;
			buildConfigurations = (
				C3C7C7CF225559EF00F311B4 /* Debug */,
				C3C7C7D0225559EF00F311B4 /* Release */,
			);
			defaultConfigurationIsVisible = 0;
			defaultConfigurationName = Release;
		};
/* End XCConfigurationList section */
	};
	rootObject = C3C7C798225559EE00F311B4 /* Project object */;
}
